
Microsoft Visual Studio Solution File, Format Version 12.00
# Visual Studio 15
VisualStudioVersion = 15.0.27004.2010
MinimumVisualStudioVersion = 10.0.40219.1
Project("{9A19103F-16F7-4668-BE54-9A1E7A4F7556}") = "itcampgab", "itcampgab\itcampgab.csproj", "{3A68120D-86F8-4012-8822-AFC5E08C8727}"
EndProject
Project("{FAE04EC0-301F-11D3-BF4B-00C04F79EFBC}") = "ITCamp.Gab.Core", "ITCamp.Gab.Core\ITCamp.Gab.Core.csproj", "{B4899664-CC13-45A5-AF52-44B1AF712339}"
EndProject
Global
	GlobalSection(SolutionConfigurationPlatforms) = preSolution
		Debug|Any CPU = Debug|Any CPU
		Release|Any CPU = Release|Any CPU
	EndGlobalSection
	GlobalSection(ProjectConfigurationPlatforms) = postSolution
		{3A68120D-86F8-4012-8822-AFC5E08C8727}.Debug|Any CPU.ActiveCfg = Debug|Any CPU
		{3A68120D-86F8-4012-8822-AFC5E08C8727}.Debug|Any CPU.Build.0 = Debug|Any CPU
		{3A68120D-86F8-4012-8822-AFC5E08C8727}.Release|Any CPU.ActiveCfg = Release|Any CPU
		{3A68120D-86F8-4012-8822-AFC5E08C8727}.Release|Any CPU.Build.0 = Release|Any CPU
		{B4899664-CC13-45A5-AF52-44B1AF712339}.Debug|Any CPU.ActiveCfg = Debug|Any CPU
		{B4899664-CC13-45A5-AF52-44B1AF712339}.Debug|Any CPU.Build.0 = Debug|Any CPU
		{B4899664-CC13-45A5-AF52-44B1AF712339}.Release|Any CPU.ActiveCfg = Release|Any CPU
		{B4899664-CC13-45A5-AF52-44B1AF712339}.Release|Any CPU.Build.0 = Release|Any CPU
	EndGlobalSection
	GlobalSection(SolutionProperties) = preSolution
		HideSolutionNode = FALSE
	EndGlobalSection
	GlobalSection(ExtensibilityGlobals) = postSolution
		SolutionGuid = {2B193338-6BF0-45C2-9669-D17CE9AC4625}
	EndGlobalSection
EndGlobal
